# This file is autogenerated, do not edit; changes may be undone by the next 'dep ensure'.


[[projects]]
  branch = "master"
  digest = "1:567c261e887b373d8af9a2d6a143cf76914b8f2d0e7998a9f8016aed86c062c6"
  name = "github.com/Scalingo/go-netns"
  packages = ["."]
  pruneopts = "UT"
  revision = "21a4d4829db540cca6ef1b8e6e3c00374af4c604"

[[projects]]
  digest = "1:64d2abba1316147fdb3529050fdbb3a4268cefaddc911e057fa5e0c9d34d7ddb"
  name = "github.com/Scalingo/go-netstat"
  packages = ["."]
  pruneopts = "UT"
  revision = "0003513070900aa3da8ed85225324af52fa2d6f5"

[[projects]]
  digest = "1:87c2e02fb01c27060ccc5ba7c5a407cc91147726f8f40b70cceeedbc52b1f3a8"
  name = "github.com/Sirupsen/logrus"
  packages = ["."]
  pruneopts = "UT"
  revision = "e1e72e9de974bd926e5c56f83753fba2df402ce5"
  version = "v1.3.0"

[[projects]]
  branch = "master"
  digest = "1:5fe3f6ede1c208a2efd3b78fe4df0306aa9624edd39476143d14f0326e5a8d29"
  name = "github.com/facebookgo/clock"
  packages = ["."]
  pruneopts = "UT"
  revision = "600d898af40aa09a7a93ecb9265d87b0504b6f03"

[[projects]]
  branch = "master"
  digest = "1:1f21d86648746b776eae0dff77e4cafa2d9ccec0f0f1248c48306231ee800674"
  name = "github.com/facebookgo/grace"
  packages = [
    "gracehttp",
    "gracenet",
  ]
  pruneopts = "UT"
  revision = "75cf19382434e82df4dd84953f566b8ad23d6e9e"

[[projects]]
  branch = "master"
  digest = "1:17cb421603403a24edb0c7eeb382295dd31c72ab9ccf31cf7f0a37971f00aaa7"
  name = "github.com/facebookgo/httpdown"
  packages = ["."]
  pruneopts = "UT"
  revision = "5979d39b15c26299dc282711b0d65b113daccea6"

[[projects]]
  branch = "master"
  digest = "1:02c7a4e944d94d6b80f51517158d10633b10775f528a3b7bdfc658d6f92415bd"
  name = "github.com/facebookgo/stats"
  packages = ["."]
  pruneopts = "UT"
  revision = "1b76add642e42c6ffba7211ad7b3939ce654526e"

[[projects]]
  digest = "1:52d701a34e574d60da6bcc4ad4fe87143deac1c2c63a4b0fcf6776948cb81900"
  name = "github.com/fsouza/go-dockerclient"
  packages = [
    ".",
    "external/github.com/Sirupsen/logrus",
    "external/github.com/docker/docker/opts",
    "external/github.com/docker/docker/pkg/archive",
    "external/github.com/docker/docker/pkg/fileutils",
    "external/github.com/docker/docker/pkg/homedir",
    "external/github.com/docker/docker/pkg/idtools",
    "external/github.com/docker/docker/pkg/ioutils",
    "external/github.com/docker/docker/pkg/longpath",
    "external/github.com/docker/docker/pkg/pools",
    "external/github.com/docker/docker/pkg/promise",
    "external/github.com/docker/docker/pkg/stdcopy",
    "external/github.com/docker/docker/pkg/system",
    "external/github.com/docker/go-units",
    "external/github.com/hashicorp/go-cleanhttp",
    "external/github.com/opencontainers/runc/libcontainer/user",
    "external/golang.org/x/net/context",
    "external/golang.org/x/sys/unix",
  ]
  pruneopts = "UT"
  revision = "175e1df973274f04e9b459a62cffc49808f1a649"

[[projects]]
  digest = "1:ca59b1175189b3f0e9f1793d2c350114be36eaabbe5b9f554b35edee1de50aea"
  name = "github.com/gorilla/mux"
  packages = ["."]
  pruneopts = "UT"
  revision = "a7962380ca08b5a188038c69871b8d3fbdf31e89"
  version = "v1.7.0"

[[projects]]
  digest = "1:0a69a1c0db3591fcefb47f115b224592c8dfa4368b7ba9fae509d5e16cdc95c8"
  name = "github.com/konsorten/go-windows-terminal-sequences"
  packages = ["."]
  pruneopts = "UT"
  revision = "5c8c8bd35d3832f5d134ae1e1e375b69a4d25242"
  version = "v1.0.1"

[[projects]]
  digest = "1:cf31692c14422fa27c83a05292eb5cbe0fb2775972e8f1f8446a71549bd8980b"
  name = "github.com/pkg/errors"
  packages = ["."]
  pruneopts = "UT"
  revision = "ba968bfe8b2f7e042a574c888954fccecfa385b4"
  version = "v0.8.1"

[[projects]]
  digest = "1:d688f4ad71b5dfad95c2d74cb0feac09f8f3c32ae5cecc078230dbdeece39e53"
  name = "github.com/urfave/negroni"
  packages = ["."]
  pruneopts = "UT"
  revision = "c6a59be0ce122566695fbd5e48a77f8f10c8a63a"
  version = "v1.0.0"

[[projects]]
  branch = "master"
  digest = "1:fde12c4da6237363bf36b81b59aa36a43d28061167ec4acb0d41fc49464e28b9"
  name = "golang.org/x/crypto"
  packages = ["ssh/terminal"]
  pruneopts = "UT"
  revision = "b8fe1690c61389d7d2a8074a507d1d40c5d30448"

[[projects]]
  branch = "master"
  digest = "1:a1914323eabb0da3b4392fb0d34b1ae5b6b531323daf4eeddc355d8000982052"
  name = "golang.org/x/sys"
  packages = [
    "unix",
    "windows",
  ]
  pruneopts = "UT"
  revision = "41f3e6584952bb034a481797859f6ab34b6803bd"

[[projects]]
  digest = "1:362166b9809b752eda12d8d58813965109a228cd99c20d7cd96c5a505dda8266"
  name = "gopkg.in/errgo.v1"
  packages = ["."]
  pruneopts = "UT"
  revision = "81357a83344ddd9f7772884874e5622c2a3da21c"

[solve-meta]
  analyzer-name = "dep"
  analyzer-version = 1
  input-imports = [
    "github.com/Scalingo/go-netns",
    "github.com/Scalingo/go-netstat",
    "github.com/Sirupsen/logrus",
    "github.com/facebookgo/grace/gracehttp",
    "github.com/fsouza/go-dockerclient",
    "github.com/gorilla/mux",
    "github.com/pkg/errors",
    "github.com/urfave/negroni",
    "gopkg.in/errgo.v1",
  ]
  solver-name = "gps-cdcl"
  solver-version = 1
